
Microsoft Visual Studio Solution File, Format Version 12.00
# Visual Studio 14
VisualStudioVersion = 14.0.25420.1
MinimumVisualStudioVersion = 10.0.40219.1
Project("{FAE04EC0-301F-11D3-BF4B-00C04F79EFBC}") = "Tasks.OctopusDeploy.CrossProjectRelease.Deploy", "Tasks.OctopusDeploy.CrossProjectRelease.Deploy\Tasks.OctopusDeploy.CrossProjectRelease.Deploy.csproj", "{96AD10E2-AEA0-4CC5-992D-C7F853555913}"
EndProject
Project("{FAE04EC0-301F-11D3-BF4B-00C04F79EFBC}") = "Tasks.OctopusDeploy.CrossProjectRelease.Deploy.Domain", "Tasks.OctopusDeploy.CrossProjectRelease.Deploy.Domain\Tasks.OctopusDeploy.CrossProjectRelease.Deploy.Domain.csproj", "{C44592DF-523C-4685-8766-405A18301272}"
EndProject
Project("{FAE04EC0-301F-11D3-BF4B-00C04F79EFBC}") = "Tasks.OctopusDeploy.CrossProjectRelease.Deploy.Spec.UnitTests", "Tasks.OctopusDeploy.CrossProjectRelease.Deploy.Spec.UnitTests\Tasks.OctopusDeploy.CrossProjectRelease.Deploy.Spec.UnitTests.csproj", "{06DF4BAA-61DB-4C46-970C-73132C3BCAA3}"
EndProject
Global
	GlobalSection(SolutionConfigurationPlatforms) = preSolution
		Debug|Any CPU = Debug|Any CPU
		Release|Any CPU = Release|Any CPU
	EndGlobalSection
	GlobalSection(ProjectConfigurationPlatforms) = postSolution
		{96AD10E2-AEA0-4CC5-992D-C7F853555913}.Debug|Any CPU.ActiveCfg = Debug|Any CPU
		{96AD10E2-AEA0-4CC5-992D-C7F853555913}.Debug|Any CPU.Build.0 = Debug|Any CPU
		{96AD10E2-AEA0-4CC5-992D-C7F853555913}.Release|Any CPU.ActiveCfg = Release|Any CPU
		{96AD10E2-AEA0-4CC5-992D-C7F853555913}.Release|Any CPU.Build.0 = Release|Any CPU
		{C44592DF-523C-4685-8766-405A18301272}.Debug|Any CPU.ActiveCfg = Debug|Any CPU
		{C44592DF-523C-4685-8766-405A18301272}.Debug|Any CPU.Build.0 = Debug|Any CPU
		{C44592DF-523C-4685-8766-405A18301272}.Release|Any CPU.ActiveCfg = Release|Any CPU
		{C44592DF-523C-4685-8766-405A18301272}.Release|Any CPU.Build.0 = Release|Any CPU
		{06DF4BAA-61DB-4C46-970C-73132C3BCAA3}.Debug|Any CPU.ActiveCfg = Debug|Any CPU
		{06DF4BAA-61DB-4C46-970C-73132C3BCAA3}.Debug|Any CPU.Build.0 = Debug|Any CPU
		{06DF4BAA-61DB-4C46-970C-73132C3BCAA3}.Release|Any CPU.ActiveCfg = Release|Any CPU
		{06DF4BAA-61DB-4C46-970C-73132C3BCAA3}.Release|Any CPU.Build.0 = Release|Any CPU
	EndGlobalSection
	GlobalSection(SolutionProperties) = preSolution
		HideSolutionNode = FALSE
	EndGlobalSection
EndGlobal
